
Microsoft Visual Studio Solution File, Format Version 12.00
# Visual Studio Version 17
VisualStudioVersion = 17.9.34622.214
MinimumVisualStudioVersion = 10.0.40219.1
Project("{FAE04EC0-301F-11D3-BF4B-00C04F79EFBC}") = "leernota", "leernota\leernota.csproj", "{A3F5CBF1-A302-4519-A726-E296391EC37A}"
EndProject
Global
	GlobalSection(SolutionConfigurationPlatforms) = preSolution
		Debug|Any CPU = Debug|Any CPU
		Release|Any CPU = Release|Any CPU
	EndGlobalSection
	GlobalSection(ProjectConfigurationPlatforms) = postSolution
		{A3F5CBF1-A302-4519-A726-E296391EC37A}.Debug|Any CPU.ActiveCfg = Debug|Any CPU
		{A3F5CBF1-A302-4519-A726-E296391EC37A}.Debug|Any CPU.Build.0 = Debug|Any CPU
		{A3F5CBF1-A302-4519-A726-E296391EC37A}.Release|Any CPU.ActiveCfg = Release|Any CPU
		{A3F5CBF1-A302-4519-A726-E296391EC37A}.Release|Any CPU.Build.0 = Release|Any CPU
	EndGlobalSection
	GlobalSection(SolutionProperties) = preSolution
		HideSolutionNode = FALSE
	EndGlobalSection
	GlobalSection(ExtensibilityGlobals) = postSolution
		SolutionGuid = {8D4504FC-C802-4A3E-9A46-71D4AD34F217}
	EndGlobalSection
EndGlobal
